
Microsoft Visual Studio Solution File, Format Version 12.00
# Visual Studio Version 16
VisualStudioVersion = 16.0.29613.14
MinimumVisualStudioVersion = 10.0.40219.1
Project("{FAE04EC0-301F-11D3-BF4B-00C04F79EFBC}") = "AzureAcademyFunctionApp", "AzureAcademyFunctionApp\AzureAcademyFunctionApp.csproj", "{5CCECE68-F061-4B4C-913F-2CCBBD7E6E38}"
EndProject
Global
	GlobalSection(SolutionConfigurationPlatforms) = preSolution
		Debug|Any CPU = Debug|Any CPU
		Release|Any CPU = Release|Any CPU
	EndGlobalSection
	GlobalSection(ProjectConfigurationPlatforms) = postSolution
		{5CCECE68-F061-4B4C-913F-2CCBBD7E6E38}.Debug|Any CPU.ActiveCfg = Debug|Any CPU
		{5CCECE68-F061-4B4C-913F-2CCBBD7E6E38}.Debug|Any CPU.Build.0 = Debug|Any CPU
		{5CCECE68-F061-4B4C-913F-2CCBBD7E6E38}.Release|Any CPU.ActiveCfg = Release|Any CPU
		{5CCECE68-F061-4B4C-913F-2CCBBD7E6E38}.Release|Any CPU.Build.0 = Release|Any CPU
	EndGlobalSection
	GlobalSection(SolutionProperties) = preSolution
		HideSolutionNode = FALSE
	EndGlobalSection
	GlobalSection(ExtensibilityGlobals) = postSolution
		SolutionGuid = {BB566C99-4DDE-4E34-832E-52000A7CEDEB}
	EndGlobalSection
EndGlobal
